
Microsoft Visual Studio Solution File, Format Version 12.00
# Visual Studio Version 16
VisualStudioVersion = 16.0.30717.126
MinimumVisualStudioVersion = 10.0.40219.1
Project("{9A19103F-16F7-4668-BE54-9A1E7A4F7556}") = "VSFlyWebAPI", "VSFlyWebAPI\VSFlyWebAPI.csproj", "{B3F57470-3DF6-4F95-908C-DB17ACB3D1E9}"
EndProject
Project("{9A19103F-16F7-4668-BE54-9A1E7A4F7556}") = "VSFlyEFCoreApp", "VSFlyEFCoreApp\VSFlyEFCoreApp.csproj", "{318AE42B-86F4-4C77-8D59-D2DD5E5B3B06}"
EndProject
Global
	GlobalSection(SolutionConfigurationPlatforms) = preSolution
		Debug|Any CPU = Debug|Any CPU
		Release|Any CPU = Release|Any CPU
	EndGlobalSection
	GlobalSection(ProjectConfigurationPlatforms) = postSolution
		{B3F57470-3DF6-4F95-908C-DB17ACB3D1E9}.Debug|Any CPU.ActiveCfg = Debug|Any CPU
		{B3F57470-3DF6-4F95-908C-DB17ACB3D1E9}.Debug|Any CPU.Build.0 = Debug|Any CPU
		{B3F57470-3DF6-4F95-908C-DB17ACB3D1E9}.Release|Any CPU.ActiveCfg = Release|Any CPU
		{B3F57470-3DF6-4F95-908C-DB17ACB3D1E9}.Release|Any CPU.Build.0 = Release|Any CPU
		{318AE42B-86F4-4C77-8D59-D2DD5E5B3B06}.Debug|Any CPU.ActiveCfg = Debug|Any CPU
		{318AE42B-86F4-4C77-8D59-D2DD5E5B3B06}.Debug|Any CPU.Build.0 = Debug|Any CPU
		{318AE42B-86F4-4C77-8D59-D2DD5E5B3B06}.Release|Any CPU.ActiveCfg = Release|Any CPU
		{318AE42B-86F4-4C77-8D59-D2DD5E5B3B06}.Release|Any CPU.Build.0 = Release|Any CPU
	EndGlobalSection
	GlobalSection(SolutionProperties) = preSolution
		HideSolutionNode = FALSE
	EndGlobalSection
	GlobalSection(ExtensibilityGlobals) = postSolution
		SolutionGuid = {2E072DDE-85A6-42C3-B759-44F700A27BD0}
	EndGlobalSection
EndGlobal
